PODS:
  - Alamofire (5.6.1)
  - AlamofireImage (4.2.0):
    - Alamofire (~> 5.4)
  - Swinject (2.8.1)

DEPENDENCIES:
  - Alamofire
  - AlamofireImage
  - Swinject

SPEC REPOS:
  trunk:
    - Alamofire
    - AlamofireImage
    - Swinject

SPEC CHECKSUMS:
  Alamofire: 87bd8c952f9a4454320fce00d9cc3de57bcadaf5
  AlamofireImage: 34a2d90b0e5fe6a5605f85ae4b7b01e784c60192
  Swinject: 97112918bd7e0785dc2df7036213f3c8cbba6586

PODFILE CHECKSUM: 4e5eea875376b794336f0cdb43dd935d69e78768

COCOAPODS: 1.11.3
